// !$*UTF8*$!
{
	archiveVersion = 1;
	classes = {
	};
	objectVersion = 77;
	objects = {

/* Begin PBXBuildFile section */
		01B5C5A66003D7F69DB6DD49 /* ScanSessionModel.swift in Sources */ = {isa = PBXBuildFile; fileRef = FFE1CB62A629829D46B1D99A /* ScanSessionModel.swift */; };
		0C1BBDC7260F9D46D9137720 /* RootView.swift in Sources */ = {isa = PBXBuildFile; fileRef = 9DF282BEA73B23A3C5369FD2 /* RootView.swift */; };
		1161D04296FD4605EFB56564 /* AuditorEngine in Frameworks */ = {isa = PBXBuildFile; productRef = B5C9559CF1F4C67DAFF8FD9C /* AuditorEngine */; };
		1F7A602486004A98688BD807 /* KeychainStore.swift in Sources */ = {isa = PBXBuildFile; fileRef = 59E5C92B1470BFCBFABF4E1C /* KeychainStore.swift */; };
		24784D4D732AA6F99D8EAB41 /* LicenseSettingsView.swift in Sources */ = {isa = PBXBuildFile; fileRef = E012480FA8D860A90F3CF4B3 /* LicenseSettingsView.swift */; };
		24ADED05DD7697739901B1A9 /* BookmarkAndSessionTests.swift in Sources */ = {isa = PBXBuildFile; fileRef = 53DC5CFBB44D3B613C4C4664 /* BookmarkAndSessionTests.swift */; };
		2EAA6688F72C60F4D93A145A /* FindingsViews.swift in Sources */ = {isa = PBXBuildFile; fileRef = 6F03577AAABDAC7CB9F5834C /* FindingsViews.swift */; };
		32530AC6324E2B52CE760104 /* ApplyReviewView.swift in Sources */ = {isa = PBXBuildFile; fileRef = 2199F02CCF19521D1FD606E1 /* ApplyReviewView.swift */; };
		3BED491590DCFC76FC232AE2 /* AppModel.swift in Sources */ = {isa = PBXBuildFile; fileRef = EEDE03774D1C4E6F58042153 /* AppModel.swift */; };
		4DC86BAED58F41828A011A1D /* QuickLookPresenter.swift in Sources */ = {isa = PBXBuildFile; fileRef = 45EB3E1D8F951531ADFD328C /* QuickLookPresenter.swift */; };
		55312FC37E7B22397DAD7764 /* AuditorStore in Frameworks */ = {isa = PBXBuildFile; productRef = 3588A6F2070FC42C179AD12B /* AuditorStore */; };
		635A33F52CEF1914D1EFC739 /* Sparkle in Frameworks */ = {isa = PBXBuildFile; productRef = 59BEA9F651D38FD0A0828EC8 /* Sparkle */; };
		6627D764103B3E52D68410A6 /* MockLicensingBackend.swift in Sources */ = {isa = PBXBuildFile; fileRef = 330C5D4021FF4229FFC50842 /* MockLicensingBackend.swift */; };
		6ACDD671A49BD7205F1DF34C /* AuditorReports in Frameworks */ = {isa = PBXBuildFile; productRef = B1167058595986E23E0E84C7 /* AuditorReports */; };
		6CA2C3B51BAB0A2D3B165FE6 /* PlaceholderFeatureView.swift in Sources */ = {isa = PBXBuildFile; fileRef = 19D1CDBF3517F30A2BCB7801 /* PlaceholderFeatureView.swift */; };
		6D509F67F0B22BF7B47591CE /* NetworkClient.swift in Sources */ = {isa = PBXBuildFile; fileRef = B7E29C8C1A8B7D5D68B94CC6 /* NetworkClient.swift */; };
		73A7C26B58D668C66C81D69F /* OnboardingView.swift in Sources */ = {isa = PBXBuildFile; fileRef = A234A8833218085B5366EDA4 /* OnboardingView.swift */; };
		742E7092B1F99BF29AF5403D /* FolderLintApp.swift in Sources */ = {isa = PBXBuildFile; fileRef = 0FD9ED7B6F05355B8F912862 /* FolderLintApp.swift */; };
		7691E6ACD96ECCF0DAC45E13 /* LicenseManager.swift in Sources */ = {isa = PBXBuildFile; fileRef = ED6C4365F5A686AF3D9EDB68 /* LicenseManager.swift */; };
		7D769055EDDC395644F8A8CB /* LemonSqueezyClient.swift in Sources */ = {isa = PBXBuildFile; fileRef = 3CB1A424543AB395B8A95DF7 /* LemonSqueezyClient.swift */; };
		85DC93F68380E3FBAEB0916C /* ReportsView.swift in Sources */ = {isa = PBXBuildFile; fileRef = D972436353D5FAADADCEABB6 /* ReportsView.swift */; };
		8CB9590E0E81206E9B1DC08F /* FolderAccessManager.swift in Sources */ = {isa = PBXBuildFile; fileRef = 76A6F4ECDCE4F098561C1E2B /* FolderAccessManager.swift */; };
		958A7E74261E05C46460C189 /* PolicyPicker.swift in Sources */ = {isa = PBXBuildFile; fileRef = 22E4D27DBABA6CC53881ADA7 /* PolicyPicker.swift */; };
		991602452A13F1E4C272CCDF /* ReportPages.swift in Sources */ = {isa = PBXBuildFile; fileRef = E2713931A559F9DDD2D55736 /* ReportPages.swift */; };
		9C2A34ACEAB9E4F8A387B7D2 /* AuditorPolicy in Frameworks */ = {isa = PBXBuildFile; productRef = 75EABAD5B28A35D341E96EDE /* AuditorPolicy */; };
		9CE1347324A56BADEBA8AE0D /* PDFReportRenderer.swift in Sources */ = {isa = PBXBuildFile; fileRef = 5E0B3B518C32D0219A7AEE9C /* PDFReportRenderer.swift */; };
		A12CE7D8701307C5201D3561 /* LicensingBackend.swift in Sources */ = {isa = PBXBuildFile; fileRef = B93F099178CF1A2CD3101E11 /* LicensingBackend.swift */; };
		A6BA6ACE80BAC9C56C52F034 /* HistoryView.swift in Sources */ = {isa = PBXBuildFile; fileRef = 2B5FC20E0F1F1407CE436834 /* HistoryView.swift */; };
		A7C820BB765BBB1F2899C560 /* UpdaterService.swift in Sources */ = {isa = PBXBuildFile; fileRef = 8F3A93A151F56D5DDA3A7774 /* UpdaterService.swift */; };
		B62CDAFF9EF40CEE38840265 /* LicenseModels.swift in Sources */ = {isa = PBXBuildFile; fileRef = 724904F09616A2E7C8DD361E /* LicenseModels.swift */; };
		B9053C74D6736F418200BE87 /* AppPreferences.swift in Sources */ = {isa = PBXBuildFile; fileRef = FC6AC7054D4F2EA8CC34CD7D /* AppPreferences.swift */; };
		BF3631CF5C56618D738B7A91 /* PDFReportRendererTests.swift in Sources */ = {isa = PBXBuildFile; fileRef = 96518EDD490983833758E322 /* PDFReportRendererTests.swift */; };
		C68AF1C8B95CEB6D9B769DF8 /* DashboardView.swift in Sources */ = {isa = PBXBuildFile; fileRef = 7F0EB76391D526CA32F73345 /* DashboardView.swift */; };
		C72BBE553408CD9A604E1EB9 /* UpdaterServiceTests.swift in Sources */ = {isa = PBXBuildFile; fileRef = 03DC3CF05BB9132B67F9D3DD /* UpdaterServiceTests.swift */; };
		CF999BA78D6CC617F7EDAD81 /* LicenseManagerTests.swift in Sources */ = {isa = PBXBuildFile; fileRef = 660E28616FD65609139EF490 /* LicenseManagerTests.swift */; };
		D165F36C742651F890E190FB /* AuditorModels in Frameworks */ = {isa = PBXBuildFile; productRef = DADBD4D73E321D893CE3E938 /* AuditorModels */; };
		D9B889233E3B06553EF49C08 /* SecurityScopedBookmark.swift in Sources */ = {isa = PBXBuildFile; fileRef = 11D55E020B72B43A96081C71 /* SecurityScopedBookmark.swift */; };
		E11CFF1450C0FFC492E75EA0 /* AuditorApply in Frameworks */ = {isa = PBXBuildFile; productRef = DD25C42F9FF37DE5146821D5 /* AuditorApply */; };
		F73D01C56B378F6320B92774 /* UpdatesSettingsView.swift in Sources */ = {isa = PBXBuildFile; fileRef = A99D822FB55AB5C3F4ABE28F /* UpdatesSettingsView.swift */; };
		FCD15E23FB9D3EAD02711E61 /* SettingsView.swift in Sources */ = {isa = PBXBuildFile; fileRef = 5620F0223B14C84549A8ABE7 /* SettingsView.swift */; };
/* End PBXBuildFile section */

/* Begin PBXContainerItemProxy section */
		CAC723AEBBB08E94FCE0CCF5 /* PBXContainerItemProxy */ = {
			isa = PBXContainerItemProxy;
			containerPortal = 932943DB3934728E14F9B4E1 /* Project object */;
			proxyType = 1;
			remoteGlobalIDString = E0CD77B155B5462420F08972;
			remoteInfo = FolderLint;
		};
/* End PBXContainerItemProxy section */

/* Begin PBXFileReference section */
		03DC3CF05BB9132B67F9D3DD /* UpdaterServiceTests.swift */ = {isa = PBXFileReference; lastKnownFileType = sourcecode.swift; path = UpdaterServiceTests.swift; sourceTree = "<group>"; };
		0FD9ED7B6F05355B8F912862 /* FolderLintApp.swift */ = {isa = PBXFileReference; lastKnownFileType = sourcecode.swift; path = FolderLintApp.swift; sourceTree = "<group>"; };
		11D55E020B72B43A96081C71 /* SecurityScopedBookmark.swift */ = {isa = PBXFileReference; lastKnownFileType = sourcecode.swift; path = SecurityScopedBookmark.swift; sourceTree = "<group>"; };
		19D1CDBF3517F30A2BCB7801 /* PlaceholderFeatureView.swift */ = {isa = PBXFileReference; lastKnownFileType = sourcecode.swift; path = PlaceholderFeatureView.swift; sourceTree = "<group>"; };
		1F679EC901A52D8B4B1068AF /* Info.plist */ = {isa = PBXFileReference; lastKnownFileType = text.plist; path = Info.plist; sourceTree = "<group>"; };
		205E3A5CA6FE27A83A4DE113 /* Debug.xcconfig */ = {isa = PBXFileReference; lastKnownFileType = text.xcconfig; path = Debug.xcconfig; sourceTree = "<group>"; };
		2199F02CCF19521D1FD606E1 /* ApplyReviewView.swift */ = {isa = PBXFileReference; lastKnownFileType = sourcecode.swift; path = ApplyReviewView.swift; sourceTree = "<group>"; };
		22E4D27DBABA6CC53881ADA7 /* PolicyPicker.swift */ = {isa = PBXFileReference; lastKnownFileType = sourcecode.swift; path = PolicyPicker.swift; sourceTree = "<group>"; };
		2B5FC20E0F1F1407CE436834 /* HistoryView.swift */ = {isa = PBXFileReference; lastKnownFileType = sourcecode.swift; path = HistoryView.swift; sourceTree = "<group>"; };
		2D6B5DE91D672D090E1AB28A /* FolderLint.entitlements */ = {isa = PBXFileReference; lastKnownFileType = text.plist.entitlements; path = FolderLint.entitlements; sourceTree = "<group>"; };
		330C5D4021FF4229FFC50842 /* MockLicensingBackend.swift */ = {isa = PBXFileReference; lastKnownFileType = sourcecode.swift; path = MockLicensingBackend.swift; sourceTree = "<group>"; };
		3CB1A424543AB395B8A95DF7 /* LemonSqueezyClient.swift */ = {isa = PBXFileReference; lastKnownFileType = sourcecode.swift; path = LemonSqueezyClient.swift; sourceTree = "<group>"; };
		45EB3E1D8F951531ADFD328C /* QuickLookPresenter.swift */ = {isa = PBXFileReference; lastKnownFileType = sourcecode.swift; path = QuickLookPresenter.swift; sourceTree = "<group>"; };
		53DC5CFBB44D3B613C4C4664 /* BookmarkAndSessionTests.swift */ = {isa = PBXFileReference; lastKnownFileType = sourcecode.swift; path = BookmarkAndSessionTests.swift; sourceTree = "<group>"; };
		5620F0223B14C84549A8ABE7 /* SettingsView.swift */ = {isa = PBXFileReference; lastKnownFileType = sourcecode.swift; path = SettingsView.swift; sourceTree = "<group>"; };
		59E5C92B1470BFCBFABF4E1C /* KeychainStore.swift */ = {isa = PBXFileReference; lastKnownFileType = sourcecode.swift; path = KeychainStore.swift; sourceTree = "<group>"; };
		5E0B3B518C32D0219A7AEE9C /* PDFReportRenderer.swift */ = {isa = PBXFileReference; lastKnownFileType = sourcecode.swift; path = PDFReportRenderer.swift; sourceTree = "<group>"; };
		660E28616FD65609139EF490 /* LicenseManagerTests.swift */ = {isa = PBXFileReference; lastKnownFileType = sourcecode.swift; path = LicenseManagerTests.swift; sourceTree = "<group>"; };
		6F03577AAABDAC7CB9F5834C /* FindingsViews.swift */ = {isa = PBXFileReference; lastKnownFileType = sourcecode.swift; path = FindingsViews.swift; sourceTree = "<group>"; };
		724904F09616A2E7C8DD361E /* LicenseModels.swift */ = {isa = PBXFileReference; lastKnownFileType = sourcecode.swift; path = LicenseModels.swift; sourceTree = "<group>"; };
		76A6F4ECDCE4F098561C1E2B /* FolderAccessManager.swift */ = {isa = PBXFileReference; lastKnownFileType = sourcecode.swift; path = FolderAccessManager.swift; sourceTree = "<group>"; };
		7F0EB76391D526CA32F73345 /* DashboardView.swift */ = {isa = PBXFileReference; lastKnownFileType = sourcecode.swift; path = DashboardView.swift; sourceTree = "<group>"; };
		8F3A93A151F56D5DDA3A7774 /* UpdaterService.swift */ = {isa = PBXFileReference; lastKnownFileType = sourcecode.swift; path = UpdaterService.swift; sourceTree = "<group>"; };
		96518EDD490983833758E322 /* PDFReportRendererTests.swift */ = {isa = PBXFileReference; lastKnownFileType = sourcecode.swift; path = PDFReportRendererTests.swift; sourceTree = "<group>"; };
		9A6F8AACEA869FF05FA167A2 /* Release.xcconfig */ = {isa = PBXFileReference; lastKnownFileType = text.xcconfig; path = Release.xcconfig; sourceTree = "<group>"; };
		9DF282BEA73B23A3C5369FD2 /* RootView.swift */ = {isa = PBXFileReference; lastKnownFileType = sourcecode.swift; path = RootView.swift; sourceTree = "<group>"; };
		A234A8833218085B5366EDA4 /* OnboardingView.swift */ = {isa = PBXFileReference; lastKnownFileType = sourcecode.swift; path = OnboardingView.swift; sourceTree = "<group>"; };
		A99D822FB55AB5C3F4ABE28F /* UpdatesSettingsView.swift */ = {isa = PBXFileReference; lastKnownFileType = sourcecode.swift; path = UpdatesSettingsView.swift; sourceTree = "<group>"; };
		B08761FA6D806087745C699E /* AuditorCore */ = {isa = PBXFileReference; lastKnownFileType = folder; name = AuditorCore; path = Packages/AuditorCore; sourceTree = SOURCE_ROOT; };
		B7E29C8C1A8B7D5D68B94CC6 /* NetworkClient.swift */ = {isa = PBXFileReference; lastKnownFileType = sourcecode.swift; path = NetworkClient.swift; sourceTree = "<group>"; };
		B93F099178CF1A2CD3101E11 /* LicensingBackend.swift */ = {isa = PBXFileReference; lastKnownFileType = sourcecode.swift; path = LicensingBackend.swift; sourceTree = "<group>"; };
		C6AD17EE56B945D732732A11 /* FolderLintTests.xctest */ = {isa = PBXFileReference; explicitFileType = wrapper.cfbundle; includeInIndex = 0; path = FolderLintTests.xctest; sourceTree = BUILT_PRODUCTS_DIR; };
		D972436353D5FAADADCEABB6 /* ReportsView.swift */ = {isa = PBXFileReference; lastKnownFileType = sourcecode.swift; path = ReportsView.swift; sourceTree = "<group>"; };
		DB72728E339F34A07A68F90D /* FolderLint.app */ = {isa = PBXFileReference; explicitFileType = wrapper.application; includeInIndex = 0; path = FolderLint.app; sourceTree = BUILT_PRODUCTS_DIR; };
		E012480FA8D860A90F3CF4B3 /* LicenseSettingsView.swift */ = {isa = PBXFileReference; lastKnownFileType = sourcecode.swift; path = LicenseSettingsView.swift; sourceTree = "<group>"; };
		E2713931A559F9DDD2D55736 /* ReportPages.swift */ = {isa = PBXFileReference; lastKnownFileType = sourcecode.swift; path = ReportPages.swift; sourceTree = "<group>"; };
		ED6C4365F5A686AF3D9EDB68 /* LicenseManager.swift */ = {isa = PBXFileReference; lastKnownFileType = sourcecode.swift; path = LicenseManager.swift; sourceTree = "<group>"; };
		EEDE03774D1C4E6F58042153 /* AppModel.swift */ = {isa = PBXFileReference; lastKnownFileType = sourcecode.swift; path = AppModel.swift; sourceTree = "<group>"; };
		FC6AC7054D4F2EA8CC34CD7D /* AppPreferences.swift */ = {isa = PBXFileReference; lastKnownFileType = sourcecode.swift; path = AppPreferences.swift; sourceTree = "<group>"; };
		FFE1CB62A629829D46B1D99A /* ScanSessionModel.swift */ = {isa = PBXFileReference; lastKnownFileType = sourcecode.swift; path = ScanSessionModel.swift; sourceTree = "<group>"; };
/* End PBXFileReference section */

/* Begin PBXFrameworksBuildPhase section */
		A0CCBECBB1F82E2531EE0E5B /* Frameworks */ = {
			isa = PBXFrameworksBuildPhase;
			buildActionMask = 2147483647;
			files = (
				1161D04296FD4605EFB56564 /* AuditorEngine in Frameworks */,
				D165F36C742651F890E190FB /* AuditorModels in Frameworks */,
				9C2A34ACEAB9E4F8A387B7D2 /* AuditorPolicy in Frameworks */,
				55312FC37E7B22397DAD7764 /* AuditorStore in Frameworks */,
				E11CFF1450C0FFC492E75EA0 /* AuditorApply in Frameworks */,
				6ACDD671A49BD7205F1DF34C /* AuditorReports in Frameworks */,
				635A33F52CEF1914D1EFC739 /* Sparkle in Frameworks */,
			);
			runOnlyForDeploymentPostprocessing = 0;
		};
/* End PBXFrameworksBuildPhase section */

/* Begin PBXGroup section */
		01672C9AC35CC5737440426E /* Updates */ = {
			isa = PBXGroup;
			children = (
				A99D822FB55AB5C3F4ABE28F /* UpdatesSettingsView.swift */,
			);
			path = Updates;
			sourceTree = "<group>";
		};
		01D1C5B843B41E0C15FCED2C /* Updates */ = {
			isa = PBXGroup;
			children = (
				8F3A93A151F56D5DDA3A7774 /* UpdaterService.swift */,
			);
			path = Updates;
			sourceTree = "<group>";
		};
		0B6173E8DED644F39FA6B4A9 = {
			isa = PBXGroup;
			children = (
				B50C96545C990F12138BEACB /* Config */,
				3868F5488EF10DAA5300639E /* FolderLint */,
				2E1DEBC5884AAE575131CC74 /* FolderLintTests */,
				CFE595E6A0F8A718C81E3D66 /* Packages */,
				DA7DA9481EAAA6BC5515080E /* Products */,
			);
			sourceTree = "<group>";
		};
		1528DBF89ED26AB27DA3918B /* App */ = {
			isa = PBXGroup;
			children = (
				EEDE03774D1C4E6F58042153 /* AppModel.swift */,
				0FD9ED7B6F05355B8F912862 /* FolderLintApp.swift */,
				9DF282BEA73B23A3C5369FD2 /* RootView.swift */,
			);
			path = App;
			sourceTree = "<group>";
		};
		162EA73D6DEF65C177DC1C95 /* SettingsScene */ = {
			isa = PBXGroup;
			children = (
				5620F0223B14C84549A8ABE7 /* SettingsView.swift */,
			);
			path = SettingsScene;
			sourceTree = "<group>";
		};
		17FBD8CF150A5117EF3973D2 /* ApplyReview */ = {
			isa = PBXGroup;
			children = (
				2199F02CCF19521D1FD606E1 /* ApplyReviewView.swift */,
			);
			path = ApplyReview;
			sourceTree = "<group>";
		};
		2E1DEBC5884AAE575131CC74 /* FolderLintTests */ = {
			isa = PBXGroup;
			children = (
				53DC5CFBB44D3B613C4C4664 /* BookmarkAndSessionTests.swift */,
				660E28616FD65609139EF490 /* LicenseManagerTests.swift */,
				96518EDD490983833758E322 /* PDFReportRendererTests.swift */,
				03DC3CF05BB9132B67F9D3DD /* UpdaterServiceTests.swift */,
			);
			path = FolderLintTests;
			sourceTree = "<group>";
		};
		3868F5488EF10DAA5300639E /* FolderLint */ = {
			isa = PBXGroup;
			children = (
				2D6B5DE91D672D090E1AB28A /* FolderLint.entitlements */,
				1F679EC901A52D8B4B1068AF /* Info.plist */,
				1528DBF89ED26AB27DA3918B /* App */,
				40CD9CB06F23340D595890B1 /* Features */,
				F5F62785DA8AD1B061EFBF24 /* Services */,
			);
			path = FolderLint;
			sourceTree = "<group>";
		};
		40CD9CB06F23340D595890B1 /* Features */ = {
			isa = PBXGroup;
			children = (
				17FBD8CF150A5117EF3973D2 /* ApplyReview */,
				E6B5935F064121E73EFD8EDD /* Dashboard */,
				82F56FEF8CBC9E3ADE9ABD35 /* History */,
				604EAB820B6FCF2FE9BE6298 /* Licensing */,
				FD7FE28DB7F21331B3CC2CF3 /* Onboarding */,
				D0A10780F8484A73C0CDFC71 /* Reports */,
				B14A9E25B6E5E42DEE6A199C /* Results */,
				162EA73D6DEF65C177DC1C95 /* SettingsScene */,
				9D13253A60C2F7BA9B6B0F93 /* Shared */,
				01672C9AC35CC5737440426E /* Updates */,
			);
			path = Features;
			sourceTree = "<group>";
		};
		5338AFEE3FB2DF3C0B53BD7F /* Folders */ = {
			isa = PBXGroup;
			children = (
				76A6F4ECDCE4F098561C1E2B /* FolderAccessManager.swift */,
				11D55E020B72B43A96081C71 /* SecurityScopedBookmark.swift */,
			);
			path = Folders;
			sourceTree = "<group>";
		};
		604EAB820B6FCF2FE9BE6298 /* Licensing */ = {
			isa = PBXGroup;
			children = (
				E012480FA8D860A90F3CF4B3 /* LicenseSettingsView.swift */,
			);
			path = Licensing;
			sourceTree = "<group>";
		};
		82F56FEF8CBC9E3ADE9ABD35 /* History */ = {
			isa = PBXGroup;
			children = (
				2B5FC20E0F1F1407CE436834 /* HistoryView.swift */,
			);
			path = History;
			sourceTree = "<group>";
		};
		9D13253A60C2F7BA9B6B0F93 /* Shared */ = {
			isa = PBXGroup;
			children = (
				19D1CDBF3517F30A2BCB7801 /* PlaceholderFeatureView.swift */,
			);
			path = Shared;
			sourceTree = "<group>";
		};
		A954F596B60BEAA5EBC759B1 /* Reports */ = {
			isa = PBXGroup;
			children = (
				5E0B3B518C32D0219A7AEE9C /* PDFReportRenderer.swift */,
				E2713931A559F9DDD2D55736 /* ReportPages.swift */,
			);
			path = Reports;
			sourceTree = "<group>";
		};
		B14A9E25B6E5E42DEE6A199C /* Results */ = {
			isa = PBXGroup;
			children = (
				6F03577AAABDAC7CB9F5834C /* FindingsViews.swift */,
			);
			path = Results;
			sourceTree = "<group>";
		};
		B50C96545C990F12138BEACB /* Config */ = {
			isa = PBXGroup;
			children = (
				205E3A5CA6FE27A83A4DE113 /* Debug.xcconfig */,
				9A6F8AACEA869FF05FA167A2 /* Release.xcconfig */,
			);
			path = Config;
			sourceTree = "<group>";
		};
		B7F1215B0705D62B9580CDD0 /* Network */ = {
			isa = PBXGroup;
			children = (
				B7E29C8C1A8B7D5D68B94CC6 /* NetworkClient.swift */,
			);
			path = Network;
			sourceTree = "<group>";
		};
		CFE595E6A0F8A718C81E3D66 /* Packages */ = {
			isa = PBXGroup;
			children = (
				B08761FA6D806087745C699E /* AuditorCore */,
			);
			path = Packages;
			sourceTree = "<group>";
		};
		D0386CEBDFD388253744C5F1 /* Licensing */ = {
			isa = PBXGroup;
			children = (
				59E5C92B1470BFCBFABF4E1C /* KeychainStore.swift */,
				3CB1A424543AB395B8A95DF7 /* LemonSqueezyClient.swift */,
				ED6C4365F5A686AF3D9EDB68 /* LicenseManager.swift */,
				724904F09616A2E7C8DD361E /* LicenseModels.swift */,
				B93F099178CF1A2CD3101E11 /* LicensingBackend.swift */,
				330C5D4021FF4229FFC50842 /* MockLicensingBackend.swift */,
			);
			path = Licensing;
			sourceTree = "<group>";
		};
		D0A10780F8484A73C0CDFC71 /* Reports */ = {
			isa = PBXGroup;
			children = (
				D972436353D5FAADADCEABB6 /* ReportsView.swift */,
			);
			path = Reports;
			sourceTree = "<group>";
		};
		DA7DA9481EAAA6BC5515080E /* Products */ = {
			isa = PBXGroup;
			children = (
				DB72728E339F34A07A68F90D /* FolderLint.app */,
				C6AD17EE56B945D732732A11 /* FolderLintTests.xctest */,
			);
			name = Products;
			sourceTree = "<group>";
		};
		DFB171B5DFD820DE1FE245DC /* Scanning */ = {
			isa = PBXGroup;
			children = (
				FFE1CB62A629829D46B1D99A /* ScanSessionModel.swift */,
			);
			path = Scanning;
			sourceTree = "<group>";
		};
		E6B5935F064121E73EFD8EDD /* Dashboard */ = {
			isa = PBXGroup;
			children = (
				7F0EB76391D526CA32F73345 /* DashboardView.swift */,
			);
			path = Dashboard;
			sourceTree = "<group>";
		};
		F5F62785DA8AD1B061EFBF24 /* Services */ = {
			isa = PBXGroup;
			children = (
				FC6AC7054D4F2EA8CC34CD7D /* AppPreferences.swift */,
				45EB3E1D8F951531ADFD328C /* QuickLookPresenter.swift */,
				5338AFEE3FB2DF3C0B53BD7F /* Folders */,
				D0386CEBDFD388253744C5F1 /* Licensing */,
				B7F1215B0705D62B9580CDD0 /* Network */,
				A954F596B60BEAA5EBC759B1 /* Reports */,
				DFB171B5DFD820DE1FE245DC /* Scanning */,
				01D1C5B843B41E0C15FCED2C /* Updates */,
			);
			path = Services;
			sourceTree = "<group>";
		};
		FD7FE28DB7F21331B3CC2CF3 /* Onboarding */ = {
			isa = PBXGroup;
			children = (
				A234A8833218085B5366EDA4 /* OnboardingView.swift */,
				22E4D27DBABA6CC53881ADA7 /* PolicyPicker.swift */,
			);
			path = Onboarding;
			sourceTree = "<group>";
		};
/* End PBXGroup section */

/* Begin PBXNativeTarget section */
		294D59CFE9D37468DBB6922A /* FolderLintTests */ = {
			isa = PBXNativeTarget;
			buildConfigurationList = 5D8BFE50B5C90F0F9E2165B5 /* Build configuration list for PBXNativeTarget "FolderLintTests" */;
			buildPhases = (
				6C4D7F1AE77D9AB2A73477CD /* Sources */,
			);
			buildRules = (
			);
			dependencies = (
				143086191A93AA306381F501 /* PBXTargetDependency */,
			);
			name = FolderLintTests;
			packageProductDependencies = (
			);
			productName = FolderLintTests;
			productReference = C6AD17EE56B945D732732A11 /* FolderLintTests.xctest */;
			productType = "com.apple.product-type.bundle.unit-test";
		};
		E0CD77B155B5462420F08972 /* FolderLint */ = {
			isa = PBXNativeTarget;
			buildConfigurationList = 036F8C8E2C4F00FBDAFE5C55 /* Build configuration list for PBXNativeTarget "FolderLint" */;
			buildPhases = (
				B8E22C2AAA334865D7FA2278 /* Sources */,
				ABB483244DE893BA05396505 /* Check Network Policy */,
				A0CCBECBB1F82E2531EE0E5B /* Frameworks */,
			);
			buildRules = (
			);
			dependencies = (
			);
			name = FolderLint;
			packageProductDependencies = (
				B5C9559CF1F4C67DAFF8FD9C /* AuditorEngine */,
				DADBD4D73E321D893CE3E938 /* AuditorModels */,
				75EABAD5B28A35D341E96EDE /* AuditorPolicy */,
				3588A6F2070FC42C179AD12B /* AuditorStore */,
				DD25C42F9FF37DE5146821D5 /* AuditorApply */,
				B1167058595986E23E0E84C7 /* AuditorReports */,
				59BEA9F651D38FD0A0828EC8 /* Sparkle */,
			);
			productName = FolderLint;
			productReference = DB72728E339F34A07A68F90D /* FolderLint.app */;
			productType = "com.apple.product-type.application";
		};
/* End PBXNativeTarget section */

/* Begin PBXProject section */
		932943DB3934728E14F9B4E1 /* Project object */ = {
			isa = PBXProject;
			attributes = {
				BuildIndependentTargetsInParallel = YES;
				LastUpgradeCheck = 1430;
				TargetAttributes = {
					294D59CFE9D37468DBB6922A = {
						ProvisioningStyle = Manual;
					};
					E0CD77B155B5462420F08972 = {
						ProvisioningStyle = Manual;
					};
				};
			};
			buildConfigurationList = 0896667EB6E2F0AF877BD706 /* Build configuration list for PBXProject "FolderLint" */;
			developmentRegion = en;
			hasScannedForEncodings = 0;
			knownRegions = (
				Base,
				en,
			);
			mainGroup = 0B6173E8DED644F39FA6B4A9;
			minimizedProjectReferenceProxies = 1;
			packageReferences = (
				BFD188671E33902FC939CB49 /* XCRemoteSwiftPackageReference "Sparkle" */,
				0AFA345B7147F76EAF641622 /* XCLocalSwiftPackageReference "Packages/AuditorCore" */,
			);
			preferredProjectObjectVersion = 77;
			productRefGroup = DA7DA9481EAAA6BC5515080E /* Products */;
			projectDirPath = "";
			projectRoot = "";
			targets = (
				E0CD77B155B5462420F08972 /* FolderLint */,
				294D59CFE9D37468DBB6922A /* FolderLintTests */,
			);
		};
/* End PBXProject section */

/* Begin PBXShellScriptBuildPhase section */
		ABB483244DE893BA05396505 /* Check Network Policy */ = {
			isa = PBXShellScriptBuildPhase;
			alwaysOutOfDate = 1;
			buildActionMask = 2147483647;
			files = (
			);
			inputFileListPaths = (
			);
			inputPaths = (
			);
			name = "Check Network Policy";
			outputFileListPaths = (
			);
			outputPaths = (
			);
			runOnlyForDeploymentPostprocessing = 0;
			shellPath = /bin/sh;
			shellScript = "\"$SRCROOT/Scripts/check_network_policy.sh\"\n";
		};
/* End PBXShellScriptBuildPhase section */

/* Begin PBXSourcesBuildPhase section */
		6C4D7F1AE77D9AB2A73477CD /* Sources */ = {
			isa = PBXSourcesBuildPhase;
			buildActionMask = 2147483647;
			files = (
				24ADED05DD7697739901B1A9 /* BookmarkAndSessionTests.swift in Sources */,
				CF999BA78D6CC617F7EDAD81 /* LicenseManagerTests.swift in Sources */,
				BF3631CF5C56618D738B7A91 /* PDFReportRendererTests.swift in Sources */,
				C72BBE553408CD9A604E1EB9 /* UpdaterServiceTests.swift in Sources */,
			);
			runOnlyForDeploymentPostprocessing = 0;
		};
		B8E22C2AAA334865D7FA2278 /* Sources */ = {
			isa = PBXSourcesBuildPhase;
			buildActionMask = 2147483647;
			files = (
				3BED491590DCFC76FC232AE2 /* AppModel.swift in Sources */,
				B9053C74D6736F418200BE87 /* AppPreferences.swift in Sources */,
				32530AC6324E2B52CE760104 /* ApplyReviewView.swift in Sources */,
				C68AF1C8B95CEB6D9B769DF8 /* DashboardView.swift in Sources */,
				2EAA6688F72C60F4D93A145A /* FindingsViews.swift in Sources */,
				8CB9590E0E81206E9B1DC08F /* FolderAccessManager.swift in Sources */,
				742E7092B1F99BF29AF5403D /* FolderLintApp.swift in Sources */,
				A6BA6ACE80BAC9C56C52F034 /* HistoryView.swift in Sources */,
				1F7A602486004A98688BD807 /* KeychainStore.swift in Sources */,
				7D769055EDDC395644F8A8CB /* LemonSqueezyClient.swift in Sources */,
				7691E6ACD96ECCF0DAC45E13 /* LicenseManager.swift in Sources */,
				B62CDAFF9EF40CEE38840265 /* LicenseModels.swift in Sources */,
				24784D4D732AA6F99D8EAB41 /* LicenseSettingsView.swift in Sources */,
				A12CE7D8701307C5201D3561 /* LicensingBackend.swift in Sources */,
				6627D764103B3E52D68410A6 /* MockLicensingBackend.swift in Sources */,
				6D509F67F0B22BF7B47591CE /* NetworkClient.swift in Sources */,
				73A7C26B58D668C66C81D69F /* OnboardingView.swift in Sources */,
				9CE1347324A56BADEBA8AE0D /* PDFReportRenderer.swift in Sources */,
				6CA2C3B51BAB0A2D3B165FE6 /* PlaceholderFeatureView.swift in Sources */,
				958A7E74261E05C46460C189 /* PolicyPicker.swift in Sources */,
				4DC86BAED58F41828A011A1D /* QuickLookPresenter.swift in Sources */,
				991602452A13F1E4C272CCDF /* ReportPages.swift in Sources */,
				85DC93F68380E3FBAEB0916C /* ReportsView.swift in Sources */,
				0C1BBDC7260F9D46D9137720 /* RootView.swift in Sources */,
				01B5C5A66003D7F69DB6DD49 /* ScanSessionModel.swift in Sources */,
				D9B889233E3B06553EF49C08 /* SecurityScopedBookmark.swift in Sources */,
				FCD15E23FB9D3EAD02711E61 /* SettingsView.swift in Sources */,
				A7C820BB765BBB1F2899C560 /* UpdaterService.swift in Sources */,
				F73D01C56B378F6320B92774 /* UpdatesSettingsView.swift in Sources */,
			);
			runOnlyForDeploymentPostprocessing = 0;
		};
/* End PBXSourcesBuildPhase section */

/* Begin PBXTargetDependency section */
		143086191A93AA306381F501 /* PBXTargetDependency */ = {
			isa = PBXTargetDependency;
			target = E0CD77B155B5462420F08972 /* FolderLint */;
			targetProxy = CAC723AEBBB08E94FCE0CCF5 /* PBXContainerItemProxy */;
		};
/* End PBXTargetDependency section */

/* Begin XCBuildConfiguration section */
		1EFA8965FD23D8A6FF212B48 /* Release */ = {
			isa = XCBuildConfiguration;
			buildSettings = {
				ASSETCATALOG_COMPILER_APPICON_NAME = AppIcon;
				CODE_SIGN_ENTITLEMENTS = FolderLint/FolderLint.entitlements;
				COMBINE_HIDPI_IMAGES = YES;
				ENABLE_APP_SANDBOX = YES;
				GENERATE_INFOPLIST_FILE = NO;
				INFOPLIST_FILE = FolderLint/Info.plist;
				LD_RUNPATH_SEARCH_PATHS = (
					"$(inherited)",
					"@executable_path/../Frameworks",
				);
				SDKROOT = macosx;
			};
			name = Release;
		};
		58AE5C8E2E94F12605338837 /* Debug */ = {
			isa = XCBuildConfiguration;
			baseConfigurationReference = 205E3A5CA6FE27A83A4DE113 /* Debug.xcconfig */;
			buildSettings = {
				ALWAYS_SEARCH_USER_PATHS = NO;
				CLANG_ANALYZER_NONNULL = YES;
				CLANG_ANALYZER_NUMBER_OBJECT_CONVERSION = YES_AGGRESSIVE;
				CLANG_CXX_LANGUAGE_STANDARD = "gnu++14";
				CLANG_CXX_LIBRARY = "libc++";
				CLANG_ENABLE_MODULES = YES;
				CLANG_ENABLE_OBJC_ARC = YES;
				CLANG_ENABLE_OBJC_WEAK = YES;
				CLANG_WARN_BLOCK_CAPTURE_AUTORELEASING = YES;
				CLANG_WARN_BOOL_CONVERSION = YES;
				CLANG_WARN_COMMA = YES;
				CLANG_WARN_CONSTANT_CONVERSION = YES;
				CLANG_WARN_DEPRECATED_OBJC_IMPLEMENTATIONS = YES;
				CLANG_WARN_DIRECT_OBJC_ISA_USAGE = YES_ERROR;
				CLANG_WARN_DOCUMENTATION_COMMENTS = YES;
				CLANG_WARN_EMPTY_BODY = YES;
				CLANG_WARN_ENUM_CONVERSION = YES;
				CLANG_WARN_INFINITE_RECURSION = YES;
				CLANG_WARN_INT_CONVERSION = YES;
				CLANG_WARN_NON_LITERAL_NULL_CONVERSION = YES;
				CLANG_WARN_OBJC_IMPLICIT_RETAIN_SELF = YES;
				CLANG_WARN_OBJC_LITERAL_CONVERSION = YES;
				CLANG_WARN_OBJC_ROOT_CLASS = YES_ERROR;
				CLANG_WARN_QUOTED_INCLUDE_IN_FRAMEWORK_HEADER = YES;
				CLANG_WARN_RANGE_LOOP_ANALYSIS = YES;
				CLANG_WARN_STRICT_PROTOTYPES = YES;
				CLANG_WARN_SUSPICIOUS_MOVE = YES;
				CLANG_WARN_UNGUARDED_AVAILABILITY = YES_AGGRESSIVE;
				CLANG_WARN_UNREACHABLE_CODE = YES;
				CLANG_WARN__DUPLICATE_METHOD_MATCH = YES;
				COPY_PHASE_STRIP = NO;
				DEBUG_INFORMATION_FORMAT = dwarf;
				ENABLE_STRICT_OBJC_MSGSEND = YES;
				ENABLE_TESTABILITY = YES;
				GCC_C_LANGUAGE_STANDARD = gnu11;
				GCC_DYNAMIC_NO_PIC = NO;
				GCC_NO_COMMON_BLOCKS = YES;
				GCC_OPTIMIZATION_LEVEL = 0;
				GCC_PREPROCESSOR_DEFINITIONS = (
					"$(inherited)",
					"DEBUG=1",
				);
				GCC_WARN_64_TO_32_BIT_CONVERSION = YES;
				GCC_WARN_ABOUT_RETURN_TYPE = YES_ERROR;
				GCC_WARN_UNDECLARED_SELECTOR = YES;
				GCC_WARN_UNINITIALIZED_AUTOS = YES_AGGRESSIVE;
				GCC_WARN_UNUSED_FUNCTION = YES;
				GCC_WARN_UNUSED_VARIABLE = YES;
				MTL_ENABLE_DEBUG_INFO = INCLUDE_SOURCE;
				MTL_FAST_MATH = YES;
				ONLY_ACTIVE_ARCH = YES;
				PRODUCT_NAME = "$(TARGET_NAME)";
				SDKROOT = macosx;
				SWIFT_ACTIVE_COMPILATION_CONDITIONS = DEBUG;
			};
			name = Debug;
		};
		68DB2D898AE5E9AAB50B2505 /* Debug */ = {
			isa = XCBuildConfiguration;
			buildSettings = {
				ASSETCATALOG_COMPILER_APPICON_NAME = AppIcon;
				CODE_SIGN_ENTITLEMENTS = FolderLint/FolderLint.entitlements;
				COMBINE_HIDPI_IMAGES = YES;
				ENABLE_APP_SANDBOX = YES;
				GENERATE_INFOPLIST_FILE = NO;
				INFOPLIST_FILE = FolderLint/Info.plist;
				LD_RUNPATH_SEARCH_PATHS = (
					"$(inherited)",
					"@executable_path/../Frameworks",
				);
				SDKROOT = macosx;
			};
			name = Debug;
		};
		7CD54931D996F4BE148265CE /* Release */ = {
			isa = XCBuildConfiguration;
			baseConfigurationReference = 9A6F8AACEA869FF05FA167A2 /* Release.xcconfig */;
			buildSettings = {
				ALWAYS_SEARCH_USER_PATHS = NO;
				CLANG_ANALYZER_NONNULL = YES;
				CLANG_ANALYZER_NUMBER_OBJECT_CONVERSION = YES_AGGRESSIVE;
				CLANG_CXX_LANGUAGE_STANDARD = "gnu++14";
				CLANG_CXX_LIBRARY = "libc++";
				CLANG_ENABLE_MODULES = YES;
				CLANG_ENABLE_OBJC_ARC = YES;
				CLANG_ENABLE_OBJC_WEAK = YES;
				CLANG_WARN_BLOCK_CAPTURE_AUTORELEASING = YES;
				CLANG_WARN_BOOL_CONVERSION = YES;
				CLANG_WARN_COMMA = YES;
				CLANG_WARN_CONSTANT_CONVERSION = YES;
				CLANG_WARN_DEPRECATED_OBJC_IMPLEMENTATIONS = YES;
				CLANG_WARN_DIRECT_OBJC_ISA_USAGE = YES_ERROR;
				CLANG_WARN_DOCUMENTATION_COMMENTS = YES;
				CLANG_WARN_EMPTY_BODY = YES;
				CLANG_WARN_ENUM_CONVERSION = YES;
				CLANG_WARN_INFINITE_RECURSION = YES;
				CLANG_WARN_INT_CONVERSION = YES;
				CLANG_WARN_NON_LITERAL_NULL_CONVERSION = YES;
				CLANG_WARN_OBJC_IMPLICIT_RETAIN_SELF = YES;
				CLANG_WARN_OBJC_LITERAL_CONVERSION = YES;
				CLANG_WARN_OBJC_ROOT_CLASS = YES_ERROR;
				CLANG_WARN_QUOTED_INCLUDE_IN_FRAMEWORK_HEADER = YES;
				CLANG_WARN_RANGE_LOOP_ANALYSIS = YES;
				CLANG_WARN_STRICT_PROTOTYPES = YES;
				CLANG_WARN_SUSPICIOUS_MOVE = YES;
				CLANG_WARN_UNGUARDED_AVAILABILITY = YES_AGGRESSIVE;
				CLANG_WARN_UNREACHABLE_CODE = YES;
				CLANG_WARN__DUPLICATE_METHOD_MATCH = YES;
				COPY_PHASE_STRIP = NO;
				DEBUG_INFORMATION_FORMAT = "dwarf-with-dsym";
				ENABLE_NS_ASSERTIONS = NO;
				ENABLE_STRICT_OBJC_MSGSEND = YES;
				GCC_C_LANGUAGE_STANDARD = gnu11;
				GCC_NO_COMMON_BLOCKS = YES;
				GCC_WARN_64_TO_32_BIT_CONVERSION = YES;
				GCC_WARN_ABOUT_RETURN_TYPE = YES_ERROR;
				GCC_WARN_UNDECLARED_SELECTOR = YES;
				GCC_WARN_UNINITIALIZED_AUTOS = YES_AGGRESSIVE;
				GCC_WARN_UNUSED_FUNCTION = YES;
				GCC_WARN_UNUSED_VARIABLE = YES;
				MTL_ENABLE_DEBUG_INFO = NO;
				MTL_FAST_MATH = YES;
				PRODUCT_NAME = "$(TARGET_NAME)";
				SDKROOT = macosx;
				SWIFT_COMPILATION_MODE = wholemodule;
			};
			name = Release;
		};
		8E58F420A7B114A02AEDB3B9 /* Debug */ = {
			isa = XCBuildConfiguration;
			buildSettings = {
				BUNDLE_LOADER = "$(TEST_HOST)";
				COMBINE_HIDPI_IMAGES = YES;
				GENERATE_INFOPLIST_FILE = YES;
				LD_RUNPATH_SEARCH_PATHS = (
					"$(inherited)",
					"@executable_path/../Frameworks",
					"@loader_path/../Frameworks",
				);
				MACOSX_DEPLOYMENT_TARGET = 26.0;
				SDKROOT = macosx;
				TEST_HOST = "$(BUILT_PRODUCTS_DIR)/FolderLint.app/Contents/MacOS/FolderLint";
			};
			name = Debug;
		};
		D487AF3B818887231C62C293 /* Release */ = {
			isa = XCBuildConfiguration;
			buildSettings = {
				BUNDLE_LOADER = "$(TEST_HOST)";
				COMBINE_HIDPI_IMAGES = YES;
				GENERATE_INFOPLIST_FILE = YES;
				LD_RUNPATH_SEARCH_PATHS = (
					"$(inherited)",
					"@executable_path/../Frameworks",
					"@loader_path/../Frameworks",
				);
				MACOSX_DEPLOYMENT_TARGET = 26.0;
				SDKROOT = macosx;
				TEST_HOST = "$(BUILT_PRODUCTS_DIR)/FolderLint.app/Contents/MacOS/FolderLint";
			};
			name = Release;
		};
/* End XCBuildConfiguration section */

/* Begin XCConfigurationList section */
		036F8C8E2C4F00FBDAFE5C55 /* Build configuration list for PBXNativeTarget "FolderLint" */ = {
			isa = XCConfigurationList;
			buildConfigurations = (
				68DB2D898AE5E9AAB50B2505 /* Debug */,
				1EFA8965FD23D8A6FF212B48 /* Release */,
			);
			defaultConfigurationIsVisible = 0;
			defaultConfigurationName = Debug;
		};
		0896667EB6E2F0AF877BD706 /* Build configuration list for PBXProject "FolderLint" */ = {
			isa = XCConfigurationList;
			buildConfigurations = (
				58AE5C8E2E94F12605338837 /* Debug */,
				7CD54931D996F4BE148265CE /* Release */,
			);
			defaultConfigurationIsVisible = 0;
			defaultConfigurationName = Debug;
		};
		5D8BFE50B5C90F0F9E2165B5 /* Build configuration list for PBXNativeTarget "FolderLintTests" */ = {
			isa = XCConfigurationList;
			buildConfigurations = (
				8E58F420A7B114A02AEDB3B9 /* Debug */,
				D487AF3B818887231C62C293 /* Release */,
			);
			defaultConfigurationIsVisible = 0;
			defaultConfigurationName = Debug;
		};
/* End XCConfigurationList section */

/* Begin XCLocalSwiftPackageReference section */
		0AFA345B7147F76EAF641622 /* XCLocalSwiftPackageReference "Packages/AuditorCore" */ = {
			isa = XCLocalSwiftPackageReference;
			relativePath = Packages/AuditorCore;
		};
/* End XCLocalSwiftPackageReference section */

/* Begin XCRemoteSwiftPackageReference section */
		BFD188671E33902FC939CB49 /* XCRemoteSwiftPackageReference "Sparkle" */ = {
			isa = XCRemoteSwiftPackageReference;
			repositoryURL = "https://github.com/sparkle-project/Sparkle";
			requirement = {
				kind = upToNextMajorVersion;
				minimumVersion = 2.8.0;
			};
		};
/* End XCRemoteSwiftPackageReference section */

/* Begin XCSwiftPackageProductDependency section */
		3588A6F2070FC42C179AD12B /* AuditorStore */ = {
			isa = XCSwiftPackageProductDependency;
			productName = AuditorStore;
		};
		59BEA9F651D38FD0A0828EC8 /* Sparkle */ = {
			isa = XCSwiftPackageProductDependency;
			package = BFD188671E33902FC939CB49 /* XCRemoteSwiftPackageReference "Sparkle" */;
			productName = Sparkle;
		};
		75EABAD5B28A35D341E96EDE /* AuditorPolicy */ = {
			isa = XCSwiftPackageProductDependency;
			productName = AuditorPolicy;
		};
		B1167058595986E23E0E84C7 /* AuditorReports */ = {
			isa = XCSwiftPackageProductDependency;
			productName = AuditorReports;
		};
		B5C9559CF1F4C67DAFF8FD9C /* AuditorEngine */ = {
			isa = XCSwiftPackageProductDependency;
			productName = AuditorEngine;
		};
		DADBD4D73E321D893CE3E938 /* AuditorModels */ = {
			isa = XCSwiftPackageProductDependency;
			productName = AuditorModels;
		};
		DD25C42F9FF37DE5146821D5 /* AuditorApply */ = {
			isa = XCSwiftPackageProductDependency;
			productName = AuditorApply;
		};
/* End XCSwiftPackageProductDependency section */
	};
	rootObject = 932943DB3934728E14F9B4E1 /* Project object */;
}
